{
  "name": "AppWithNpmPackage",
  "lockfileVersion": 3,
  "requires": true,
  "packages": {
    "": {
      "dependencies": {
        "learn2dgame-js": "^1.0.5"
      }
    },
    "node_modules/learn2dgame-js": {
      "version": "1.0.5",
      "resolved": "https://registry.npmjs.org/learn2dgame-js/-/learn2dgame-js-1.0.5.tgz",
      "integrity": "sha512-fgRJEBEOPAw+WTfieytOv4WWC/Mx6Ai5BZ77RSCTFmA7kU6lXCOKrUqLoK5baCKQY2gxwE2WWrIbvqloTnAbGg==",
      "license": "MIT"
    }
  }
}
